
Microsoft Visual Studio Solution File, Format Version 12.00
# Visual Studio Version 17
VisualStudioVersion = 17.2.32630.192
MinimumVisualStudioVersion = 10.0.40219.1
Project("{FAE04EC0-301F-11D3-BF4B-00C04F79EFBC}") = "Clowns", "Clowns\Clowns.csproj", "{8D42DD07-A2C7-441A-B001-8BC5A10C5400}"
EndProject
Global
	GlobalSection(SolutionConfigurationPlatforms) = preSolution
		Debug|Any CPU = Debug|Any CPU
		Release|Any CPU = Release|Any CPU
	EndGlobalSection
	GlobalSection(ProjectConfigurationPlatforms) = postSolution
		{8D42DD07-A2C7-441A-B001-8BC5A10C5400}.Debug|Any CPU.ActiveCfg = Debug|Any CPU
		{8D42DD07-A2C7-441A-B001-8BC5A10C5400}.Debug|Any CPU.Build.0 = Debug|Any CPU
		{8D42DD07-A2C7-441A-B001-8BC5A10C5400}.Release|Any CPU.ActiveCfg = Release|Any CPU
		{8D42DD07-A2C7-441A-B001-8BC5A10C5400}.Release|Any CPU.Build.0 = Release|Any CPU
	EndGlobalSection
	GlobalSection(SolutionProperties) = preSolution
		HideSolutionNode = FALSE
	EndGlobalSection
	GlobalSection(ExtensibilityGlobals) = postSolution
		SolutionGuid = {071AAE11-6E51-4468-8018-559E1701697F}
	EndGlobalSection
EndGlobal
